// !$*UTF8*$!
{
	archiveVersion = 1;
	classes = {
	};
	objectVersion = 46;
	objects = {

/* Begin PBXBuildFile section */
		633A76551B5E12CF00C15C3C /* TableViewController.m in Sources */ = {isa = PBXBuildFile; fileRef = 633A76541B5E12CF00C15C3C /* TableViewController.m */; };
		633A76581B5E12F700C15C3C /* WebViewController.m in Sources */ = {isa = PBXBuildFile; fileRef = 633A76571B5E12F700C15C3C /* WebViewController.m */; };
		63D6CAA01B588DCE00BFDABD /* AVCamPreviewView.m in Sources */ = {isa = PBXBuildFile; fileRef = 63D6CA9D1B588DCE00BFDABD /* AVCamPreviewView.m */; };
		63D6CAA11B588DCE00BFDABD /* AVCamViewController.m in Sources */ = {isa = PBXBuildFile; fileRef = 63D6CA9F1B588DCE00BFDABD /* AVCamViewController.m */; };
		63D6CAA41B588EE500BFDABD /* CameraViewController.m in Sources */ = {isa = PBXBuildFile; fileRef = 63D6CAA31B588EE500BFDABD /* CameraViewController.m */; };
		63D6CABA1B58E4C700BFDABD /* AFHTTPRequestOperation.m in Sources */ = {isa = PBXBuildFile; fileRef = 63D6CAA81B58E4C700BFDABD /* AFHTTPRequestOperation.m */; };
		63D6CABB1B58E4C700BFDABD /* AFHTTPRequestOperationManager.m in Sources */ = {isa = PBXBuildFile; fileRef = 63D6CAAA1B58E4C700BFDABD /* AFHTTPRequestOperationManager.m */; };
		63D6CABC1B58E4C700BFDABD /* AFHTTPSessionManager.m in Sources */ = {isa = PBXBuildFile; fileRef = 63D6CAAC1B58E4C700BFDABD /* AFHTTPSessionManager.m */; };
		63D6CABD1B58E4C700BFDABD /* AFNetworkReachabilityManager.m in Sources */ = {isa = PBXBuildFile; fileRef = 63D6CAAF1B58E4C700BFDABD /* AFNetworkReachabilityManager.m */; };
		63D6CABE1B58E4C700BFDABD /* AFSecurityPolicy.m in Sources */ = {isa = PBXBuildFile; fileRef = 63D6CAB11B58E4C700BFDABD /* AFSecurityPolicy.m */; };
		63D6CABF1B58E4C700BFDABD /* AFURLConnectionOperation.m in Sources */ = {isa = PBXBuildFile; fileRef = 63D6CAB31B58E4C700BFDABD /* AFURLConnectionOperation.m */; };
		63D6CAC01B58E4C700BFDABD /* AFURLRequestSerialization.m in Sources */ = {isa = PBXBuildFile; fileRef = 63D6CAB51B58E4C700BFDABD /* AFURLRequestSerialization.m */; };
		63D6CAC11B58E4C700BFDABD /* AFURLResponseSerialization.m in Sources */ = {isa = PBXBuildFile; fileRef = 63D6CAB71B58E4C700BFDABD /* AFURLResponseSerialization.m */; };
		63D6CAC21B58E4C700BFDABD /* AFURLSessionManager.m in Sources */ = {isa = PBXBuildFile; fileRef = 63D6CAB91B58E4C700BFDABD /* AFURLSessionManager.m */; };
		63FDC6761B562C10006ECCBD /* main.m in Sources */ = {isa = PBXBuildFile; fileRef = 63FDC6751B562C10006ECCBD /* main.m */; };
		63FDC6791B562C10006ECCBD /* AppDelegate.m in Sources */ = {isa = PBXBuildFile; fileRef = 63FDC6781B562C10006ECCBD /* AppDelegate.m */; };
		63FDC67C1B562C10006ECCBD /* ViewController.m in Sources */ = {isa = PBXBuildFile; fileRef = 63FDC67B1B562C10006ECCBD /* ViewController.m */; };
		63FDC67F1B562C10006ECCBD /* Main.storyboard in Resources */ = {isa = PBXBuildFile; fileRef = 63FDC67D1B562C10006ECCBD /* Main.storyboard */; };
		63FDC6811B562C10006ECCBD /* Images.xcassets in Resources */ = {isa = PBXBuildFile; fileRef = 63FDC6801B562C10006ECCBD /* Images.xcassets */; };
		63FDC6841B562C10006ECCBD /* LaunchScreen.xib in Resources */ = {isa = PBXBuildFile; fileRef = 63FDC6821B562C10006ECCBD /* LaunchScreen.xib */; };
		63FDC6901B562C11006ECCBD /* OnlineDiagTests.m in Sources */ = {isa = PBXBuildFile; fileRef = 63FDC68F1B562C11006ECCBD /* OnlineDiagTests.m */; };
/* End PBXBuildFile section */

/* Begin PBXContainerItemProxy section */
		63FDC68A1B562C11006ECCBD /* PBXContainerItemProxy */ = {
			isa = PBXContainerItemProxy;
			containerPortal = 63FDC6681B562C10006ECCBD /* Project object */;
			proxyType = 1;
			remoteGlobalIDString = 63FDC66F1B562C10006ECCBD;
			remoteInfo = OnlineDiag;
		};
/* End PBXContainerItemProxy section */

/* Begin PBXFileReference section */
		633A76531B5E12CF00C15C3C /* TableViewController.h */ = {isa = PBXFileReference; fileEncoding = 4; lastKnownFileType = sourcecode.c.h; path = TableViewController.h; sourceTree = "<group>"; };
		633A76541B5E12CF00C15C3C /* TableViewController.m */ = {isa = PBXFileReference; fileEncoding = 4; lastKnownFileType = sourcecode.c.objc; path = TableViewController.m; sourceTree = "<group>"; };
		633A76561B5E12F700C15C3C /* WebViewController.h */ = {isa = PBXFileReference; fileEncoding = 4; lastKnownFileType = sourcecode.c.h; path = WebViewController.h; sourceTree = "<group>"; };
		633A76571B5E12F700C15C3C /* WebViewController.m */ = {isa = PBXFileReference; fileEncoding = 4; lastKnownFileType = sourcecode.c.objc; path = WebViewController.m; sourceTree = "<group>"; };
		63D6CA9C1B588DCE00BFDABD /* AVCamPreviewView.h */ = {isa = PBXFileReference; fileEncoding = 4; lastKnownFileType = sourcecode.c.h; path = AVCamPreviewView.h; sourceTree = "<group>"; };
		63D6CA9D1B588DCE00BFDABD /* AVCamPreviewView.m */ = {isa = PBXFileReference; fileEncoding = 4; lastKnownFileType = sourcecode.c.objc; path = AVCamPreviewView.m; sourceTree = "<group>"; };
		63D6CA9E1B588DCE00BFDABD /* AVCamViewController.h */ = {isa = PBXFileReference; fileEncoding = 4; lastKnownFileType = sourcecode.c.h; path = AVCamViewController.h; sourceTree = "<group>"; };
		63D6CA9F1B588DCE00BFDABD /* AVCamViewController.m */ = {isa = PBXFileReference; fileEncoding = 4; lastKnownFileType = sourcecode.c.objc; path = AVCamViewController.m; sourceTree = "<group>"; };
		63D6CAA21B588EE500BFDABD /* CameraViewController.h */ = {isa = PBXFileReference; fileEncoding = 4; lastKnownFileType = sourcecode.c.h; path = CameraViewController.h; sourceTree = "<group>"; };
		63D6CAA31B588EE500BFDABD /* CameraViewController.m */ = {isa = PBXFileReference; fileEncoding = 4; lastKnownFileType = sourcecode.c.objc; path = CameraViewController.m; sourceTree = "<group>"; };
		63D6CAA71B58E4C700BFDABD /* AFHTTPRequestOperation.h */ = {isa = PBXFileReference; fileEncoding = 4; lastKnownFileType = sourcecode.c.h; path = AFHTTPRequestOperation.h; sourceTree = "<group>"; };
		63D6CAA81B58E4C700BFDABD /* AFHTTPRequestOperation.m */ = {isa = PBXFileReference; fileEncoding = 4; lastKnownFileType = sourcecode.c.objc; path = AFHTTPRequestOperation.m; sourceTree = "<group>"; };
		63D6CAA91B58E4C700BFDABD /* AFHTTPRequestOperationManager.h */ = {isa = PBXFileReference; fileEncoding = 4; lastKnownFileType = sourcecode.c.h; path = AFHTTPRequestOperationManager.h; sourceTree = "<group>"; };
		63D6CAAA1B58E4C700BFDABD /* AFHTTPRequestOperationManager.m */ = {isa = PBXFileReference; fileEncoding = 4; lastKnownFileType = sourcecode.c.objc; path = AFHTTPRequestOperationManager.m; sourceTree = "<group>"; };
		63D6CAAB1B58E4C700BFDABD /* AFHTTPSessionManager.h */ = {isa = PBXFileReference; fileEncoding = 4; lastKnownFileType = sourcecode.c.h; path = AFHTTPSessionManager.h; sourceTree = "<group>"; };
		63D6CAAC1B58E4C700BFDABD /* AFHTTPSessionManager.m */ = {isa = PBXFileReference; fileEncoding = 4; lastKnownFileType = sourcecode.c.objc; path = AFHTTPSessionManager.m; sourceTree = "<group>"; };
		63D6CAAD1B58E4C700BFDABD /* AFNetworking.h */ = {isa = PBXFileReference; fileEncoding = 4; lastKnownFileType = sourcecode.c.h; path = AFNetworking.h; sourceTree = "<group>"; };
		63D6CAAE1B58E4C700BFDABD /* AFNetworkReachabilityManager.h */ = {isa = PBXFileReference; fileEncoding = 4; lastKnownFileType = sourcecode.c.h; path = AFNetworkReachabilityManager.h; sourceTree = "<group>"; };
		63D6CAAF1B58E4C700BFDABD /* AFNetworkReachabilityManager.m */ = {isa = PBXFileReference; fileEncoding = 4; lastKnownFileType = sourcecode.c.objc; path = AFNetworkReachabilityManager.m; sourceTree = "<group>"; };
		63D6CAB01B58E4C700BFDABD /* AFSecurityPolicy.h */ = {isa = PBXFileReference; fileEncoding = 4; lastKnownFileType = sourcecode.c.h; path = AFSecurityPolicy.h; sourceTree = "<group>"; };
		63D6CAB11B58E4C700BFDABD /* AFSecurityPolicy.m */ = {isa = PBXFileReference; fileEncoding = 4; lastKnownFileType = sourcecode.c.objc; path = AFSecurityPolicy.m; sourceTree = "<group>"; };
		63D6CAB21B58E4C700BFDABD /* AFURLConnectionOperation.h */ = {isa = PBXFileReference; fileEncoding = 4; lastKnownFileType = sourcecode.c.h; path = AFURLConnectionOperation.h; sourceTree = "<group>"; };
		63D6CAB31B58E4C700BFDABD /* AFURLConnectionOperation.m */ = {isa = PBXFileReference; fileEncoding = 4; lastKnownFileType = sourcecode.c.objc; path = AFURLConnectionOperation.m; sourceTree = "<group>"; };
		63D6CAB41B58E4C700BFDABD /* AFURLRequestSerialization.h */ = {isa = PBXFileReference; fileEncoding = 4; lastKnownFileType = sourcecode.c.h; path = AFURLRequestSerialization.h; sourceTree = "<group>"; };
		63D6CAB51B58E4C700BFDABD /* AFURLRequestSerialization.m */ = {isa = PBXFileReference; fileEncoding = 4; lastKnownFileType = sourcecode.c.objc; path = AFURLRequestSerialization.m; sourceTree = "<group>"; };
		63D6CAB61B58E4C700BFDABD /* AFURLResponseSerialization.h */ = {isa = PBXFileReference; fileEncoding = 4; lastKnownFileType = sourcecode.c.h; path = AFURLResponseSerialization.h; sourceTree = "<group>"; };
		63D6CAB71B58E4C700BFDABD /* AFURLResponseSerialization.m */ = {isa = PBXFileReference; fileEncoding = 4; lastKnownFileType = sourcecode.c.objc; path = AFURLResponseSerialization.m; sourceTree = "<group>"; };
		63D6CAB81B58E4C700BFDABD /* AFURLSessionManager.h */ = {isa = PBXFileReference; fileEncoding = 4; lastKnownFileType = sourcecode.c.h; path = AFURLSessionManager.h; sourceTree = "<group>"; };
		63D6CAB91B58E4C700BFDABD /* AFURLSessionManager.m */ = {isa = PBXFileReference; fileEncoding = 4; lastKnownFileType = sourcecode.c.objc; path = AFURLSessionManager.m; sourceTree = "<group>"; };
		63FDC6701B562C10006ECCBD /* OnlineDiag.app */ = {isa = PBXFileReference; explicitFileType = wrapper.application; includeInIndex = 0; path = OnlineDiag.app; sourceTree = BUILT_PRODUCTS_DIR; };
		63FDC6741B562C10006ECCBD /* Info.plist */ = {isa = PBXFileReference; lastKnownFileType = text.plist.xml; path = Info.plist; sourceTree = "<group>"; };
		63FDC6751B562C10006ECCBD /* main.m */ = {isa = PBXFileReference; lastKnownFileType = sourcecode.c.objc; path = main.m; sourceTree = "<group>"; };
		63FDC6771B562C10006ECCBD /* AppDelegate.h */ = {isa = PBXFileReference; lastKnownFileType = sourcecode.c.h; path = AppDelegate.h; sourceTree = "<group>"; };
		63FDC6781B562C10006ECCBD /* AppDelegate.m */ = {isa = PBXFileReference; lastKnownFileType = sourcecode.c.objc; path = AppDelegate.m; sourceTree = "<group>"; };
		63FDC67A1B562C10006ECCBD /* ViewController.h */ = {isa = PBXFileReference; lastKnownFileType = sourcecode.c.h; path = ViewController.h; sourceTree = "<group>"; };
		63FDC67B1B562C10006ECCBD /* ViewController.m */ = {isa = PBXFileReference; lastKnownFileType = sourcecode.c.objc; path = ViewController.m; sourceTree = "<group>"; };
		63FDC67E1B562C10006ECCBD /* Base */ = {isa = PBXFileReference; lastKnownFileType = file.storyboard; name = Base; path = Base.lproj/Main.storyboard; sourceTree = "<group>"; };
		63FDC6801B562C10006ECCBD /* Images.xcassets */ = {isa = PBXFileReference; lastKnownFileType = folder.assetcatalog; path = Images.xcassets; sourceTree = "<group>"; };
		63FDC6831B562C10006ECCBD /* Base */ = {isa = PBXFileReference; lastKnownFileType = file.xib; name = Base; path = Base.lproj/LaunchScreen.xib; sourceTree = "<group>"; };
		63FDC6891B562C11006ECCBD /* OnlineDiagTests.xctest */ = {isa = PBXFileReference; explicitFileType = wrapper.cfbundle; includeInIndex = 0; path = OnlineDiagTests.xctest; sourceTree = BUILT_PRODUCTS_DIR; };
		63FDC68E1B562C11006ECCBD /* Info.plist */ = {isa = PBXFileReference; lastKnownFileType = text.plist.xml; path = Info.plist; sourceTree = "<group>"; };
		63FDC68F1B562C11006ECCBD /* OnlineDiagTests.m */ = {isa = PBXFileReference; lastKnownFileType = sourcecode.c.objc; path = OnlineDiagTests.m; sourceTree = "<group>"; };
/* End PBXFileReference section */

/* Begin PBXFrameworksBuildPhase section */
		63FDC66D1B562C10006ECCBD /* Frameworks */ = {
			isa = PBXFrameworksBuildPhase;
			buildActionMask = 2147483647;
			files = (
			);
			runOnlyForDeploymentPostprocessing = 0;
		};
		63FDC6861B562C11006ECCBD /* Frameworks */ = {
			isa = PBXFrameworksBuildPhase;
			buildActionMask = 2147483647;
			files = (
			);
			runOnlyForDeploymentPostprocessing = 0;
		};
/* End PBXFrameworksBuildPhase section */

/* Begin PBXGroup section */
		63D6CA9B1B588DCE00BFDABD /* AVCam */ = {
			isa = PBXGroup;
			children = (
				63D6CA9C1B588DCE00BFDABD /* AVCamPreviewView.h */,
				63D6CA9D1B588DCE00BFDABD /* AVCamPreviewView.m */,
				63D6CA9E1B588DCE00BFDABD /* AVCamViewController.h */,
				63D6CA9F1B588DCE00BFDABD /* AVCamViewController.m */,
			);
			path = AVCam;
			sourceTree = "<group>";
		};
		63D6CAA61B58E4C700BFDABD /* AFNetworking */ = {
			isa = PBXGroup;
			children = (
				63D6CAA71B58E4C700BFDABD /* AFHTTPRequestOperation.h */,
				63D6CAA81B58E4C700BFDABD /* AFHTTPRequestOperation.m */,
				63D6CAA91B58E4C700BFDABD /* AFHTTPRequestOperationManager.h */,
				63D6CAAA1B58E4C700BFDABD /* AFHTTPRequestOperationManager.m */,
				63D6CAAB1B58E4C700BFDABD /* AFHTTPSessionManager.h */,
				63D6CAAC1B58E4C700BFDABD /* AFHTTPSessionManager.m */,
				63D6CAAD1B58E4C700BFDABD /* AFNetworking.h */,
				63D6CAAE1B58E4C700BFDABD /* AFNetworkReachabilityManager.h */,
				63D6CAAF1B58E4C700BFDABD /* AFNetworkReachabilityManager.m */,
				63D6CAB01B58E4C700BFDABD /* AFSecurityPolicy.h */,
				63D6CAB11B58E4C700BFDABD /* AFSecurityPolicy.m */,
				63D6CAB21B58E4C700BFDABD /* AFURLConnectionOperation.h */,
				63D6CAB31B58E4C700BFDABD /* AFURLConnectionOperation.m */,
				63D6CAB41B58E4C700BFDABD /* AFURLRequestSerialization.h */,
				63D6CAB51B58E4C700BFDABD /* AFURLRequestSerialization.m */,
				63D6CAB61B58E4C700BFDABD /* AFURLResponseSerialization.h */,
				63D6CAB71B58E4C700BFDABD /* AFURLResponseSerialization.m */,
				63D6CAB81B58E4C700BFDABD /* AFURLSessionManager.h */,
				63D6CAB91B58E4C700BFDABD /* AFURLSessionManager.m */,
			);
			path = AFNetworking;
			sourceTree = "<group>";
		};
		63FDC6671B562C10006ECCBD = {
			isa = PBXGroup;
			children = (
				63FDC6721B562C10006ECCBD /* OnlineDiag */,
				63FDC68C1B562C11006ECCBD /* OnlineDiagTests */,
				63FDC6711B562C10006ECCBD /* Products */,
			);
			sourceTree = "<group>";
		};
		63FDC6711B562C10006ECCBD /* Products */ = {
			isa = PBXGroup;
			children = (
				63FDC6701B562C10006ECCBD /* OnlineDiag.app */,
				63FDC6891B562C11006ECCBD /* OnlineDiagTests.xctest */,
			);
			name = Products;
			sourceTree = "<group>";
		};
		63FDC6721B562C10006ECCBD /* OnlineDiag */ = {
			isa = PBXGroup;
			children = (
				63D6CAA61B58E4C700BFDABD /* AFNetworking */,
				63D6CA9B1B588DCE00BFDABD /* AVCam */,
				63FDC6771B562C10006ECCBD /* AppDelegate.h */,
				63FDC6781B562C10006ECCBD /* AppDelegate.m */,
				63FDC67A1B562C10006ECCBD /* ViewController.h */,
				63FDC67B1B562C10006ECCBD /* ViewController.m */,
				63D6CAA21B588EE500BFDABD /* CameraViewController.h */,
				63D6CAA31B588EE500BFDABD /* CameraViewController.m */,
				63FDC67D1B562C10006ECCBD /* Main.storyboard */,
				63FDC6801B562C10006ECCBD /* Images.xcassets */,
				63FDC6821B562C10006ECCBD /* LaunchScreen.xib */,
				63FDC6731B562C10006ECCBD /* Supporting Files */,
				633A76531B5E12CF00C15C3C /* TableViewController.h */,
				633A76541B5E12CF00C15C3C /* TableViewController.m */,
				633A76561B5E12F700C15C3C /* WebViewController.h */,
				633A76571B5E12F700C15C3C /* WebViewController.m */,
			);
			path = OnlineDiag;
			sourceTree = "<group>";
		};
		63FDC6731B562C10006ECCBD /* Supporting Files */ = {
			isa = PBXGroup;
			children = (
				63FDC6741B562C10006ECCBD /* Info.plist */,
				63FDC6751B562C10006ECCBD /* main.m */,
			);
			name = "Supporting Files";
			sourceTree = "<group>";
		};
		63FDC68C1B562C11006ECCBD /* OnlineDiagTests */ = {
			isa = PBXGroup;
			children = (
				63FDC68F1B562C11006ECCBD /* OnlineDiagTests.m */,
				63FDC68D1B562C11006ECCBD /* Supporting Files */,
			);
			path = OnlineDiagTests;
			sourceTree = "<group>";
		};
		63FDC68D1B562C11006ECCBD /* Supporting Files */ = {
			isa = PBXGroup;
			children = (
				63FDC68E1B562C11006ECCBD /* Info.plist */,
			);
			name = "Supporting Files";
			sourceTree = "<group>";
		};
/* End PBXGroup section */

/* Begin PBXNativeTarget section */
		63FDC66F1B562C10006ECCBD /* OnlineDiag */ = {
			isa = PBXNativeTarget;
			buildConfigurationList = 63FDC6931B562C11006ECCBD /* Build configuration list for PBXNativeTarget "OnlineDiag" */;
			buildPhases = (
				63FDC66C1B562C10006ECCBD /* Sources */,
				63FDC66D1B562C10006ECCBD /* Frameworks */,
				63FDC66E1B562C10006ECCBD /* Resources */,
			);
			buildRules = (
			);
			dependencies = (
			);
			name = OnlineDiag;
			productName = OnlineDiag;
			productReference = 63FDC6701B562C10006ECCBD /* OnlineDiag.app */;
			productType = "com.apple.product-type.application";
		};
		63FDC6881B562C11006ECCBD /* OnlineDiagTests */ = {
			isa = PBXNativeTarget;
			buildConfigurationList = 63FDC6961B562C11006ECCBD /* Build configuration list for PBXNativeTarget "OnlineDiagTests" */;
			buildPhases = (
				63FDC6851B562C11006ECCBD /* Sources */,
				63FDC6861B562C11006ECCBD /* Frameworks */,
				63FDC6871B562C11006ECCBD /* Resources */,
			);
			buildRules = (
			);
			dependencies = (
				63FDC68B1B562C11006ECCBD /* PBXTargetDependency */,
			);
			name = OnlineDiagTests;
			productName = OnlineDiagTests;
			productReference = 63FDC6891B562C11006ECCBD /* OnlineDiagTests.xctest */;
			productType = "com.apple.product-type.bundle.unit-test";
		};
/* End PBXNativeTarget section */

/* Begin PBXProject section */
		63FDC6681B562C10006ECCBD /* Project object */ = {
			isa = PBXProject;
			attributes = {
				LastUpgradeCheck = 0640;
				ORGANIZATIONNAME = "jei e academy";
				TargetAttributes = {
					63FDC66F1B562C10006ECCBD = {
						CreatedOnToolsVersion = 6.4;
					};
					63FDC6881B562C11006ECCBD = {
						CreatedOnToolsVersion = 6.4;
						TestTargetID = 63FDC66F1B562C10006ECCBD;
					};
				};
			};
			buildConfigurationList = 63FDC66B1B562C10006ECCBD /* Build configuration list for PBXProject "OnlineDiag" */;
			compatibilityVersion = "Xcode 3.2";
			developmentRegion = English;
			hasScannedForEncodings = 0;
			knownRegions = (
				en,
				Base,
			);
			mainGroup = 63FDC6671B562C10006ECCBD;
			productRefGroup = 63FDC6711B562C10006ECCBD /* Products */;
			projectDirPath = "";
			projectRoot = "";
			targets = (
				63FDC66F1B562C10006ECCBD /* OnlineDiag */,
				63FDC6881B562C11006ECCBD /* OnlineDiagTests */,
			);
		};
/* End PBXProject section */

/* Begin PBXResourcesBuildPhase section */
		63FDC66E1B562C10006ECCBD /* Resources */ = {
			isa = PBXResourcesBuildPhase;
			buildActionMask = 2147483647;
			files = (
				63FDC67F1B562C10006ECCBD /* Main.storyboard in Resources */,
				63FDC6841B562C10006ECCBD /* LaunchScreen.xib in Resources */,
				63FDC6811B562C10006ECCBD /* Images.xcassets in Resources */,
			);
			runOnlyForDeploymentPostprocessing = 0;
		};
		63FDC6871B562C11006ECCBD /* Resources */ = {
			isa = PBXResourcesBuildPhase;
			buildActionMask = 2147483647;
			files = (
			);
			runOnlyForDeploymentPostprocessing = 0;
		};
/* End PBXResourcesBuildPhase section */

/* Begin PBXSourcesBuildPhase section */
		63FDC66C1B562C10006ECCBD /* Sources */ = {
			isa = PBXSourcesBuildPhase;
			buildActionMask = 2147483647;
			files = (
				63D6CAC21B58E4C700BFDABD /* AFURLSessionManager.m in Sources */,
				63D6CAA11B588DCE00BFDABD /* AVCamViewController.m in Sources */,
				63FDC67C1B562C10006ECCBD /* ViewController.m in Sources */,
				63D6CABD1B58E4C700BFDABD /* AFNetworkReachabilityManager.m in Sources */,
				63FDC6791B562C10006ECCBD /* AppDelegate.m in Sources */,
				63D6CABF1B58E4C700BFDABD /* AFURLConnectionOperation.m in Sources */,
				63D6CABC1B58E4C700BFDABD /* AFHTTPSessionManager.m in Sources */,
				633A76551B5E12CF00C15C3C /* TableViewController.m in Sources */,
				633A76581B5E12F700C15C3C /* WebViewController.m in Sources */,
				63D6CAC01B58E4C700BFDABD /* AFURLRequestSerialization.m in Sources */,
				63D6CAA41B588EE500BFDABD /* CameraViewController.m in Sources */,
				63D6CAA01B588DCE00BFDABD /* AVCamPreviewView.m in Sources */,
				63FDC6761B562C10006ECCBD /* main.m in Sources */,
				63D6CABB1B58E4C700BFDABD /* AFHTTPRequestOperationManager.m in Sources */,
				63D6CABE1B58E4C700BFDABD /* AFSecurityPolicy.m in Sources */,
				63D6CAC11B58E4C700BFDABD /* AFURLResponseSerialization.m in Sources */,
				63D6CABA1B58E4C700BFDABD /* AFHTTPRequestOperation.m in Sources */,
			);
			runOnlyForDeploymentPostprocessing = 0;
		};
		63FDC6851B562C11006ECCBD /* Sources */ = {
			isa = PBXSourcesBuildPhase;
			buildActionMask = 2147483647;
			files = (
				63FDC6901B562C11006ECCBD /* OnlineDiagTests.m in Sources */,
			);
			runOnlyForDeploymentPostprocessing = 0;
		};
/* End PBXSourcesBuildPhase section */

/* Begin PBXTargetDependency section */
		63FDC68B1B562C11006ECCBD /* PBXTargetDependency */ = {
			isa = PBXTargetDependency;
			target = 63FDC66F1B562C10006ECCBD /* OnlineDiag */;
			targetProxy = 63FDC68A1B562C11006ECCBD /* PBXContainerItemProxy */;
		};
/* End PBXTargetDependency section */

/* Begin PBXVariantGroup section */
		63FDC67D1B562C10006ECCBD /* Main.storyboard */ = {
			isa = PBXVariantGroup;
			children = (
				63FDC67E1B562C10006ECCBD /* Base */,
			);
			name = Main.storyboard;
			sourceTree = "<group>";
		};
		63FDC6821B562C10006ECCBD /* LaunchScreen.xib */ = {
			isa = PBXVariantGroup;
			children = (
				63FDC6831B562C10006ECCBD /* Base */,
			);
			name = LaunchScreen.xib;
			sourceTree = "<group>";
		};
/* End PBXVariantGroup section */

/* Begin XCBuildConfiguration section */
		63FDC6911B562C11006ECCBD /* Debug */ = {
			isa = XCBuildConfiguration;
			buildSettings = {
				ALWAYS_SEARCH_USER_PATHS = NO;
				CLANG_CXX_LANGUAGE_STANDARD = "gnu++0x";
				CLANG_CXX_LIBRARY = "libc++";
				CLANG_ENABLE_MODULES = YES;
				CLANG_ENABLE_OBJC_ARC = YES;
				CLANG_WARN_BOOL_CONVERSION = YES;
				CLANG_WARN_CONSTANT_CONVERSION = YES;
				CLANG_WARN_DIRECT_OBJC_ISA_USAGE = YES_ERROR;
				CLANG_WARN_EMPTY_BODY = YES;
				CLANG_WARN_ENUM_CONVERSION = YES;
				CLANG_WARN_INT_CONVERSION = YES;
				CLANG_WARN_OBJC_ROOT_CLASS = YES_ERROR;
				CLANG_WARN_UNREACHABLE_CODE = YES;
				CLANG_WARN__DUPLICATE_METHOD_MATCH = YES;
				"CODE_SIGN_IDENTITY[sdk=iphoneos*]" = "iPhone Developer";
				COPY_PHASE_STRIP = NO;
				DEBUG_INFORMATION_FORMAT = "dwarf-with-dsym";
				ENABLE_STRICT_OBJC_MSGSEND = YES;
				GCC_C_LANGUAGE_STANDARD = gnu99;
				GCC_DYNAMIC_NO_PIC = NO;
				GCC_NO_COMMON_BLOCKS = YES;
				GCC_OPTIMIZATION_LEVEL = 0;
				GCC_PREPROCESSOR_DEFINITIONS = (
					"DEBUG=1",
					"$(inherited)",
				);
				GCC_SYMBOLS_PRIVATE_EXTERN = NO;
				GCC_WARN_64_TO_32_BIT_CONVERSION = YES;
				GCC_WARN_ABOUT_RETURN_TYPE = YES_ERROR;
				GCC_WARN_UNDECLARED_SELECTOR = YES;
				GCC_WARN_UNINITIALIZED_AUTOS = YES_AGGRESSIVE;
				GCC_WARN_UNUSED_FUNCTION = YES;
				GCC_WARN_UNUSED_VARIABLE = YES;
				IPHONEOS_DEPLOYMENT_TARGET = 7.0;
				MTL_ENABLE_DEBUG_INFO = YES;
				ONLY_ACTIVE_ARCH = YES;
				SDKROOT = iphoneos;
				TARGETED_DEVICE_FAMILY = "1,2";
			};
			name = Debug;
		};
		63FDC6921B562C11006ECCBD /* Release */ = {
			isa = XCBuildConfiguration;
			buildSettings = {
				ALWAYS_SEARCH_USER_PATHS = NO;
				CLANG_CXX_LANGUAGE_STANDARD = "gnu++0x";
				CLANG_CXX_LIBRARY = "libc++";
				CLANG_ENABLE_MODULES = YES;
				CLANG_ENABLE_OBJC_ARC = YES;
				CLANG_WARN_BOOL_CONVERSION = YES;
				CLANG_WARN_CONSTANT_CONVERSION = YES;
				CLANG_WARN_DIRECT_OBJC_ISA_USAGE = YES_ERROR;
				CLANG_WARN_EMPTY_BODY = YES;
				CLANG_WARN_ENUM_CONVERSION = YES;
				CLANG_WARN_INT_CONVERSION = YES;
				CLANG_WARN_OBJC_ROOT_CLASS = YES_ERROR;
				CLANG_WARN_UNREACHABLE_CODE = YES;
				CLANG_WARN__DUPLICATE_METHOD_MATCH = YES;
				"CODE_SIGN_IDENTITY[sdk=iphoneos*]" = "iPhone Developer";
				COPY_PHASE_STRIP = NO;
				DEBUG_INFORMATION_FORMAT = "dwarf-with-dsym";
				ENABLE_NS_ASSERTIONS = NO;
				ENABLE_STRICT_OBJC_MSGSEND = YES;
				GCC_C_LANGUAGE_STANDARD = gnu99;
				GCC_NO_COMMON_BLOCKS = YES;
				GCC_WARN_64_TO_32_BIT_CONVERSION = YES;
				GCC_WARN_ABOUT_RETURN_TYPE = YES_ERROR;
				GCC_WARN_UNDECLARED_SELECTOR = YES;
				GCC_WARN_UNINITIALIZED_AUTOS = YES_AGGRESSIVE;
				GCC_WARN_UNUSED_FUNCTION = YES;
				GCC_WARN_UNUSED_VARIABLE = YES;
				IPHONEOS_DEPLOYMENT_TARGET = 7.0;
				MTL_ENABLE_DEBUG_INFO = NO;
				SDKROOT = iphoneos;
				TARGETED_DEVICE_FAMILY = "1,2";
				VALIDATE_PRODUCT = YES;
			};
			name = Release;
		};
		63FDC6941B562C11006ECCBD /* Debug */ = {
			isa = XCBuildConfiguration;
			buildSettings = {
				ASSETCATALOG_COMPILER_APPICON_NAME = AppIcon;
				INFOPLIST_FILE = OnlineDiag/Info.plist;
				IPHONEOS_DEPLOYMENT_TARGET = 7.0;
				LD_RUNPATH_SEARCH_PATHS = "$(inherited) @executable_path/Frameworks";
				PRODUCT_NAME = "$(TARGET_NAME)";
				TARGETED_DEVICE_FAMILY = "1,2";
			};
			name = Debug;
		};
		63FDC6951B562C11006ECCBD /* Release */ = {
			isa = XCBuildConfiguration;
			buildSettings = {
				ASSETCATALOG_COMPILER_APPICON_NAME = AppIcon;
				INFOPLIST_FILE = OnlineDiag/Info.plist;
				IPHONEOS_DEPLOYMENT_TARGET = 7.0;
				LD_RUNPATH_SEARCH_PATHS = "$(inherited) @executable_path/Frameworks";
				PRODUCT_NAME = "$(TARGET_NAME)";
				TARGETED_DEVICE_FAMILY = "1,2";
			};
			name = Release;
		};
		63FDC6971B562C11006ECCBD /* Debug */ = {
			isa = XCBuildConfiguration;
			buildSettings = {
				BUNDLE_LOADER = "$(TEST_HOST)";
				FRAMEWORK_SEARCH_PATHS = (
					"$(SDKROOT)/Developer/Library/Frameworks",
					"$(inherited)",
				);
				GCC_PREPROCESSOR_DEFINITIONS = (
					"DEBUG=1",
					"$(inherited)",
				);
				INFOPLIST_FILE = OnlineDiagTests/Info.plist;
				LD_RUNPATH_SEARCH_PATHS = "$(inherited) @executable_path/Frameworks @loader_path/Frameworks";
				PRODUCT_NAME = "$(TARGET_NAME)";
				TEST_HOST = "$(BUILT_PRODUCTS_DIR)/OnlineDiag.app/OnlineDiag";
			};
			name = Debug;
		};
		63FDC6981B562C11006ECCBD /* Release */ = {
			isa = XCBuildConfiguration;
			buildSettings = {
				BUNDLE_LOADER = "$(TEST_HOST)";
				FRAMEWORK_SEARCH_PATHS = (
					"$(SDKROOT)/Developer/Library/Frameworks",
					"$(inherited)",
				);
				INFOPLIST_FILE = OnlineDiagTests/Info.plist;
				LD_RUNPATH_SEARCH_PATHS = "$(inherited) @executable_path/Frameworks @loader_path/Frameworks";
				PRODUCT_NAME = "$(TARGET_NAME)";
				TEST_HOST = "$(BUILT_PRODUCTS_DIR)/OnlineDiag.app/OnlineDiag";
			};
			name = Release;
		};
/* End XCBuildConfiguration section */

/* Begin XCConfigurationList section */
		63FDC66B1B562C10006ECCBD /* Build configuration list for PBXProject "OnlineDiag" */ = {
			isa = XCConfigurationList;
			buildConfigurations = (
				63FDC6911B562C11006ECCBD /* Debug */,
				63FDC6921B562C11006ECCBD /* Release */,
			);
			defaultConfigurationIsVisible = 0;
			defaultConfigurationName = Release;
		};
		63FDC6931B562C11006ECCBD /* Build configuration list for PBXNativeTarget "OnlineDiag" */ = {
			isa = XCConfigurationList;
			buildConfigurations = (
				63FDC6941B562C11006ECCBD /* Debug */,
				63FDC6951B562C11006ECCBD /* Release */,
			);
			defaultConfigurationIsVisible = 0;
			defaultConfigurationName = Release;
		};
		63FDC6961B562C11006ECCBD /* Build configuration list for PBXNativeTarget "OnlineDiagTests" */ = {
			isa = XCConfigurationList;
			buildConfigurations = (
				63FDC6971B562C11006ECCBD /* Debug */,
				63FDC6981B562C11006ECCBD /* Release */,
			);
			defaultConfigurationIsVisible = 0;
			defaultConfigurationName = Release;
		};
/* End XCConfigurationList section */
	};
	rootObject = 63FDC6681B562C10006ECCBD /* Project object */;
}
